{
  "nodes": {
    "flake-utils": {
      "inputs": {
        "systems": "systems"
      },
      "locked": {
        "lastModified": 1731533236,
        "narHash": "sha256-l0KFg5HjrsfsO/JpG+r7fRrqm12kzFHyUHqHCVpMMbI=",
        "owner": "numtide",
        "repo": "flake-utils",
        "rev": "11707dc2f618dd54ca8739b309ec4fc024de578b",
        "type": "github"
      },
      "original": {
        "owner": "numtide",
        "repo": "flake-utils",
        "type": "github"
      }
    },
    "nixpkgs": {
      "locked": {
        "lastModified": 1787498568,
        "narHash": "sha256-9i/VTdusq/+NM/tz+J1Re+ojkMB8MBf0QshnYfzHz30=",
        "owner": "NixOS",
        "repo": "nixpkgs",
        "rev": "56c02bc00adcf003215cc4bd996d6efaf4cff188",
        "type": "github"
      },
      "original": {
        "owner": "NixOS",
        "ref": "nixos-unstable",
        "repo": "nixpkgs",
        "type": "github"
      }
    },
    "pi-ai-release": {
      "flake": false,
      "locked": {
        "lastModified": 499162500,
        "narHash": "sha256-A9g1o7e+oSfTxejvR1n53ziHhkMf30VoS+qvyX1letM=",
        "type": "tarball",
        "url": "https://registry.npmjs.org/@earendil-works/pi-ai/-/pi-ai-0.85.0.tgz"
      },
      "original": {
        "type": "tarball",
        "url": "https://registry.npmjs.org/@earendil-works/pi-ai/-/pi-ai-0.85.0.tgz"
      }
    },
    "pi-mono": {
      "flake": false,
      "locked": {
        "lastModified": 1788515858,
        "narHash": "sha256-gznGlneVCx3htxRiJq0/futm4qLR9Bzfv3UwP3ES9v0=",
        "owner": "earendil-works",
        "repo": "pi",
        "rev": "107d79f11072bbc8a3a757ed7fd69596bee7d68c",
        "type": "github"
      },
      "original": {
        "owner": "earendil-works",
        "ref": "v0.85.0",
        "repo": "pi",
        "type": "github"
      }
    },
    "root": {
      "inputs": {
        "flake-utils": "flake-utils",
        "nixpkgs": "nixpkgs",
        "pi-ai-release": "pi-ai-release",
        "pi-mono": "pi-mono"
      }
    },
    "systems": {
      "locked": {
        "lastModified": 1681028828,
        "narHash": "sha256-Vy1rq5AaRuLzOxct8nz4T6wlgyUR7zLU309k9mBC768=",
        "owner": "nix-systems",
        "repo": "default",
        "rev": "da67096a3b9bf56a91d16901293e51ba5b49a27e",
        "type": "github"
      },
      "original": {
        "owner": "nix-systems",
        "repo": "default",
        "type": "github"
      }
    }
  },
  "root": "root",
  "version": 7
}
