{
  "nodes": {
    "flake-utils": {
      "inputs": {
        "systems": "systems"
      },
      "locked": {
        "lastModified": 1731533236,
        "narHash": "sha256-l0KFg5HjrsfsO/JpG+r7fRrqm12kzFHyUHqHCVpMMbI=",
        "owner": "numtide",
        "repo": "flake-utils",
        "rev": "11707dc2f618dd54ca8739b309ec4fc024de578b",
        "type": "github"
      },
      "original": {
        "owner": "numtide",
        "repo": "flake-utils",
        "type": "github"
      }
    },
    "nixpkgs": {
      "locked": {
        "lastModified": 1789785513,
        "narHash": "sha256-B44WL6h0XoLjJ41bUPJk0X5SDinLCII//6EcBLXKiJ0=",
        "owner": "NixOS",
        "repo": "nixpkgs",
        "rev": "20b1ddd1aa5ace70c9468305030aa4f9ef79671b",
        "type": "github"
      },
      "original": {
        "owner": "NixOS",
        "ref": "nixos-unstable",
        "repo": "nixpkgs",
        "type": "github"
      }
    },
    "pi-ai-release": {
      "flake": false,
      "locked": {
        "lastModified": 499162500,
        "narHash": "sha256-iLdsOtRfQuzTYrwSPDPdZ9sWovAee0NmfDfW4HCuxLE=",
        "type": "tarball",
        "url": "https://registry.npmjs.org/@earendil-works/pi-ai/-/pi-ai-0.99.1.tgz"
      },
      "original": {
        "type": "tarball",
        "url": "https://registry.npmjs.org/@earendil-works/pi-ai/-/pi-ai-0.99.1.tgz"
      }
    },
    "pi-mono": {
      "flake": false,
      "locked": {
        "lastModified": 1790705215,
        "narHash": "sha256-bLDEt1sKiS6ReQ6Uch0tOSLU8aykKl3UwN7WVkRE9Og=",
        "owner": "earendil-works",
        "repo": "pi",
        "rev": "d86654abb8862e201933517d6f1fce9f88dd117f",
        "type": "github"
      },
      "original": {
        "owner": "earendil-works",
        "ref": "v0.99.1",
        "repo": "pi",
        "type": "github"
      }
    },
    "root": {
      "inputs": {
        "flake-utils": "flake-utils",
        "nixpkgs": "nixpkgs",
        "pi-ai-release": "pi-ai-release",
        "pi-mono": "pi-mono"
      }
    },
    "systems": {
      "locked": {
        "lastModified": 1681028828,
        "narHash": "sha256-Vy1rq5AaRuLzOxct8nz4T6wlgyUR7zLU309k9mBC768=",
        "owner": "nix-systems",
        "repo": "default",
        "rev": "da67096a3b9bf56a91d16901293e51ba5b49a27e",
        "type": "github"
      },
      "original": {
        "owner": "nix-systems",
        "repo": "default",
        "type": "github"
      }
    }
  },
  "root": "root",
  "version": 7
}
